dependencies:
  espressif/cmake_utilities:
    component_hash: 351350613ceafba240b761b4ea991e0f231ac7a9f59a9ee901f751bddc0bb18f
    dependencies:
    - name: idf
      require: private
      version: '>=4.1'
    source:
      registry_url: https://components.espressif.com
      type: service
    version: 0.5.3
  espressif/esp-now:
    component_hash: 56f902e978ec0b70528ad30a45265b56bf2b91653d13e0badc78159f39f41ece
    dependencies:
    - name: espressif/cmake_utilities
      registry_url: https://components.espressif.com
      require: private
      version: 0.*
    - name: idf
      require: private
      version: '>=4.4'
    source:
      registry_url: https://components.espressif.com/
      type: service
    version: 2.5.2
  espressif/i2c_bus:
    component_hash: 4e990dc11734316186b489b362c61d41f23f79d58bc169795cec215e528cba14
    dependencies:
    - name: espressif/cmake_utilities
      registry_url: https://components.espressif.com
      require: private
      version: '*'
    - name: idf
      require: private
      version: '>=4.0'
    source:
      registry_url: https://components.espressif.com/
      type: service
    version: 1.5.0
  idf:
    source:
      type: idf
    version: 5.4.2
  lvgl/lvgl:
    component_hash: d7c1ac037ae6e85d94897f807d6e7ba0946a83e720074fc95a4f6241da9f9f53
    dependencies: []
    source:
      registry_url: https://components.espressif.com/
      type: service
    version: 8.4.0
  m5stack/m5gfx:
    component_hash: 4c420c89ae7bfe33231dab80b784f4508591279b2a3a935ac849dddb1942d0d5
    dependencies: []
    source:
      registry_url: https://components.espressif.com
      type: service
    version: 0.2.17
  m5stack/m5unified:
    component_hash: 1c75bb80654da6c7fcdd11ef7a1cb9b7d6db2e98f96612a4babf12b5e9bc7196
    dependencies:
    - name: m5stack/m5gfx
      registry_url: https://components.espressif.com
      require: private
      version: ^0.2.17
    source:
      registry_url: https://components.espressif.com/
      type: service
    version: 0.2.11
direct_dependencies:
- espressif/esp-now
- espressif/i2c_bus
- idf
- lvgl/lvgl
- m5stack/m5unified
manifest_hash: 1a633f7edf3e64c57d1f921f15913b2bf6deda0e71113957a364b6552fa37e9b
target: esp32
version: 2.0.0
